
Microsoft Visual Studio Solution File, Format Version 12.00
# Visual Studio Version 17
VisualStudioVersion = 17.7.34031.279
MinimumVisualStudioVersion = 10.0.40219.1
Project("{FAE04EC0-301F-11D3-BF4B-00C04F79EFBC}") = "lab4_2", "lab4_2\lab4_2.csproj", "{A5FD0577-3FC0-4189-8295-59FB399DA83E}"
EndProject
Global
	GlobalSection(SolutionConfigurationPlatforms) = preSolution
		Debug|Any CPU = Debug|Any CPU
		Release|Any CPU = Release|Any CPU
	EndGlobalSection
	GlobalSection(ProjectConfigurationPlatforms) = postSolution
		{A5FD0577-3FC0-4189-8295-59FB399DA83E}.Debug|Any CPU.ActiveCfg = Debug|Any CPU
		{A5FD0577-3FC0-4189-8295-59FB399DA83E}.Debug|Any CPU.Build.0 = Debug|Any CPU
		{A5FD0577-3FC0-4189-8295-59FB399DA83E}.Release|Any CPU.ActiveCfg = Release|Any CPU
		{A5FD0577-3FC0-4189-8295-59FB399DA83E}.Release|Any CPU.Build.0 = Release|Any CPU
	EndGlobalSection
	GlobalSection(SolutionProperties) = preSolution
		HideSolutionNode = FALSE
	EndGlobalSection
	GlobalSection(ExtensibilityGlobals) = postSolution
		SolutionGuid = {16513D7C-1AC1-49FA-B89F-DA4AAC584DD1}
	EndGlobalSection
EndGlobal
